
Microsoft Visual Studio Solution File, Format Version 12.00
# Visual Studio Version 16
VisualStudioVersion = 16.0.30523.141
MinimumVisualStudioVersion = 10.0.40219.1
Project("{FAE04EC0-301F-11D3-BF4B-00C04F79EFBC}") = "EDTRFeldolgozo", "EDTRFeldolgozo.csproj", "{092385DD-BF44-4B67-9609-6EAB14FDA02A}"
EndProject
Global
	GlobalSection(SolutionConfigurationPlatforms) = preSolution
		Debug|Any CPU = Debug|Any CPU
		Release|Any CPU = Release|Any CPU
	EndGlobalSection
	GlobalSection(ProjectConfigurationPlatforms) = postSolution
		{092385DD-BF44-4B67-9609-6EAB14FDA02A}.Debug|Any CPU.ActiveCfg = Debug|Any CPU
		{092385DD-BF44-4B67-9609-6EAB14FDA02A}.Debug|Any CPU.Build.0 = Debug|Any CPU
		{092385DD-BF44-4B67-9609-6EAB14FDA02A}.Release|Any CPU.ActiveCfg = Release|Any CPU
		{092385DD-BF44-4B67-9609-6EAB14FDA02A}.Release|Any CPU.Build.0 = Release|Any CPU
	EndGlobalSection
	GlobalSection(SolutionProperties) = preSolution
		HideSolutionNode = FALSE
	EndGlobalSection
	GlobalSection(ExtensibilityGlobals) = postSolution
		SolutionGuid = {A35A5638-09C1-4666-88D1-9484FF1B911C}
	EndGlobalSection
EndGlobal
